# This file is automatically @generated by Cargo.
# It is not intended for manual editing.
version = 4

[[package]]
name = "env"
version = "1.0.1"
source = "registry+https://github.com/rust-lang/crates.io-index"
checksum = "bc95de49ad098572c02d3fbf368c9a020bfff5ae78483685b77f51d8a7e9486d"
dependencies = [
 "num_threads",
]

[[package]]
name = "libc"
version = "0.2.178"
source = "registry+https://github.com/rust-lang/crates.io-index"
checksum = "37c93d8daa9d8a012fd8ab92f088405fb202ea0b6ab73ee2482ae66af4f42091"

[[package]]
name = "num_threads"
version = "0.1.7"
source = "registry+https://github.com/rust-lang/crates.io-index"
checksum = "5c7398b9c8b70908f6371f47ed36737907c87c52af34c268fed0bf0ceb92ead9"
dependencies = [
 "libc",
]

[[package]]
name = "parser"
version = "0.1.0"
dependencies = [
 "env",
]
